
Microsoft Visual Studio Solution File, Format Version 12.00
# Visual Studio Version 17
VisualStudioVersion = 17.8.34330.188
MinimumVisualStudioVersion = 10.0.40219.1
Project("{9A19103F-16F7-4668-BE54-9A1E7A4F7556}") = "FoodApp.API.Security", "FoodApp.API.Security\FoodApp.API.Security.csproj", "{ED36186E-EA7D-4DE1-8FC0-1B8EF2AEFF06}"
EndProject
Project("{2150E333-8FDC-42A3-9474-1A3956D46DE8}") = "1-Domain", "1-Domain", "{040046AB-F11D-4362-A51B-7D2E217B1F6F}"
EndProject
Project("{2150E333-8FDC-42A3-9474-1A3956D46DE8}") = "2-Infrastructure", "2-Infrastructure", "{8519656D-DC08-4A58-84C9-664E8BCD7153}"
EndProject
Project("{2150E333-8FDC-42A3-9474-1A3956D46DE8}") = "3-API", "3-API", "{59620612-EB4E-4B2E-8BC6-CE20F31049EF}"
EndProject
Project("{9A19103F-16F7-4668-BE54-9A1E7A4F7556}") = "FoodApp.Core", "FoodApp.Core\FoodApp.Core.csproj", "{5040A39D-7C14-48D2-A6FE-53B7BFD0B0B6}"
EndProject
Project("{9A19103F-16F7-4668-BE54-9A1E7A4F7556}") = "FoodApp.Infrastructure", "FoodApp.Infrastructure\FoodApp.Infrastructure.csproj", "{BA0D2B9E-3E0C-4E7A-AA83-CBA4009B8678}"
EndProject
Project("{FAE04EC0-301F-11D3-BF4B-00C04F79EFBC}") = "FoodApp.Api.Restaurants", "FoodApp.Api.Restaurants\FoodApp.Api.Restaurants.csproj", "{F23FD1D6-5560-4F3C-A525-B3940FE73EBD}"
EndProject
Global
	GlobalSection(SolutionConfigurationPlatforms) = preSolution
		Debug|Any CPU = Debug|Any CPU
		Release|Any CPU = Release|Any CPU
	EndGlobalSection
	GlobalSection(ProjectConfigurationPlatforms) = postSolution
		{ED36186E-EA7D-4DE1-8FC0-1B8EF2AEFF06}.Debug|Any CPU.ActiveCfg = Debug|Any CPU
		{ED36186E-EA7D-4DE1-8FC0-1B8EF2AEFF06}.Debug|Any CPU.Build.0 = Debug|Any CPU
		{ED36186E-EA7D-4DE1-8FC0-1B8EF2AEFF06}.Release|Any CPU.ActiveCfg = Release|Any CPU
		{ED36186E-EA7D-4DE1-8FC0-1B8EF2AEFF06}.Release|Any CPU.Build.0 = Release|Any CPU
		{5040A39D-7C14-48D2-A6FE-53B7BFD0B0B6}.Debug|Any CPU.ActiveCfg = Debug|Any CPU
		{5040A39D-7C14-48D2-A6FE-53B7BFD0B0B6}.Debug|Any CPU.Build.0 = Debug|Any CPU
		{5040A39D-7C14-48D2-A6FE-53B7BFD0B0B6}.Release|Any CPU.ActiveCfg = Release|Any CPU
		{5040A39D-7C14-48D2-A6FE-53B7BFD0B0B6}.Release|Any CPU.Build.0 = Release|Any CPU
		{BA0D2B9E-3E0C-4E7A-AA83-CBA4009B8678}.Debug|Any CPU.ActiveCfg = Debug|Any CPU
		{BA0D2B9E-3E0C-4E7A-AA83-CBA4009B8678}.Debug|Any CPU.Build.0 = Debug|Any CPU
		{BA0D2B9E-3E0C-4E7A-AA83-CBA4009B8678}.Release|Any CPU.ActiveCfg = Release|Any CPU
		{BA0D2B9E-3E0C-4E7A-AA83-CBA4009B8678}.Release|Any CPU.Build.0 = Release|Any CPU
		{F23FD1D6-5560-4F3C-A525-B3940FE73EBD}.Debug|Any CPU.ActiveCfg = Debug|Any CPU
		{F23FD1D6-5560-4F3C-A525-B3940FE73EBD}.Debug|Any CPU.Build.0 = Debug|Any CPU
		{F23FD1D6-5560-4F3C-A525-B3940FE73EBD}.Release|Any CPU.ActiveCfg = Release|Any CPU
		{F23FD1D6-5560-4F3C-A525-B3940FE73EBD}.Release|Any CPU.Build.0 = Release|Any CPU
	EndGlobalSection
	GlobalSection(SolutionProperties) = preSolution
		HideSolutionNode = FALSE
	EndGlobalSection
	GlobalSection(NestedProjects) = preSolution
		{ED36186E-EA7D-4DE1-8FC0-1B8EF2AEFF06} = {59620612-EB4E-4B2E-8BC6-CE20F31049EF}
		{5040A39D-7C14-48D2-A6FE-53B7BFD0B0B6} = {040046AB-F11D-4362-A51B-7D2E217B1F6F}
		{BA0D2B9E-3E0C-4E7A-AA83-CBA4009B8678} = {8519656D-DC08-4A58-84C9-664E8BCD7153}
		{F23FD1D6-5560-4F3C-A525-B3940FE73EBD} = {59620612-EB4E-4B2E-8BC6-CE20F31049EF}
	EndGlobalSection
	GlobalSection(ExtensibilityGlobals) = postSolution
		SolutionGuid = {6D10BDF0-E023-44D8-8696-33BBEE5AD1FE}
	EndGlobalSection
EndGlobal
